
Microsoft Visual Studio Solution File, Format Version 12.00
# Visual Studio Version 17
VisualStudioVersion = 17.4.33205.214
MinimumVisualStudioVersion = 10.0.40219.1
Project("{8BC9CEB8-8B4A-11D0-8D11-00A0C91BC942}") = "FlipperAM", "FlipperAM.vcxproj", "{2AE17FDE-F7F3-4CAC-ADAB-0710EDA4F741}"
EndProject
Global
	GlobalSection(SolutionConfigurationPlatforms) = preSolution
		Debug|x64 = Debug|x64
		Debug|x86 = Debug|x86
		Release|x64 = Release|x64
		Release|x86 = Release|x86
	EndGlobalSection
	GlobalSection(ProjectConfigurationPlatforms) = postSolution
		{2AE17FDE-F7F3-4CAC-ADAB-0710EDA4F741}.Debug|x64.ActiveCfg = Debug|x64
		{2AE17FDE-F7F3-4CAC-ADAB-0710EDA4F741}.Debug|x64.Build.0 = Debug|x64
		{2AE17FDE-F7F3-4CAC-ADAB-0710EDA4F741}.Debug|x86.ActiveCfg = Debug|Win32
		{2AE17FDE-F7F3-4CAC-ADAB-0710EDA4F741}.Debug|x86.Build.0 = Debug|Win32
		{2AE17FDE-F7F3-4CAC-ADAB-0710EDA4F741}.Release|x64.ActiveCfg = Release|x64
		{2AE17FDE-F7F3-4CAC-ADAB-0710EDA4F741}.Release|x64.Build.0 = Release|x64
		{2AE17FDE-F7F3-4CAC-ADAB-0710EDA4F741}.Release|x86.ActiveCfg = Release|Win32
		{2AE17FDE-F7F3-4CAC-ADAB-0710EDA4F741}.Release|x86.Build.0 = Release|Win32
	EndGlobalSection
	GlobalSection(SolutionProperties) = preSolution
		HideSolutionNode = FALSE
	EndGlobalSection
	GlobalSection(ExtensibilityGlobals) = postSolution
		SolutionGuid = {DA299566-EFEF-4A8F-8510-168C15C55B80}
	EndGlobalSection
EndGlobal
